// !$*UTF8*$!
{
	archiveVersion = 1;
	classes = {
	};
	objectVersion = 46;
	objects = {

/* Begin PBXBuildFile section */
		CFD05A821E3AD0B500A76B72 /* main.m in Sources */ = {isa = PBXBuildFile; fileRef = CFD05A811E3AD0B500A76B72 /* main.m */; };
		CFD05A851E3AD0B500A76B72 /* AppDelegate.m in Sources */ = {isa = PBXBuildFile; fileRef = CFD05A841E3AD0B500A76B72 /* AppDelegate.m */; };
		CFD05A881E3AD0B500A76B72 /* ViewController.m in Sources */ = {isa = PBXBuildFile; fileRef = CFD05A871E3AD0B500A76B72 /* ViewController.m */; };
		CFD05A8B1E3AD0B500A76B72 /* Main.storyboard in Resources */ = {isa = PBXBuildFile; fileRef = CFD05A891E3AD0B500A76B72 /* Main.storyboard */; };
		CFD05A8D1E3AD0B500A76B72 /* Assets.xcassets in Resources */ = {isa = PBXBuildFile; fileRef = CFD05A8C1E3AD0B500A76B72 /* Assets.xcassets */; };
		CFD05A901E3AD0B500A76B72 /* LaunchScreen.storyboard in Resources */ = {isa = PBXBuildFile; fileRef = CFD05A8E1E3AD0B500A76B72 /* LaunchScreen.storyboard */; };
/* End PBXBuildFile section */

/* Begin PBXFileReference section */
		CFD05A7D1E3AD0B500A76B72 /* __ProjectName__.app */ = {isa = PBXFileReference; explicitFileType = wrapper.application; includeInIndex = 0; path = __ProjectName__.app; sourceTree = BUILT_PRODUCTS_DIR; };
		CFD05A811E3AD0B500A76B72 /* main.m */ = {isa = PBXFileReference; lastKnownFileType = sourcecode.c.objc; path = main.m; sourceTree = "<group>"; };
		CFD05A831E3AD0B500A76B72 /* AppDelegate.h */ = {isa = PBXFileReference; lastKnownFileType = sourcecode.c.h; path = AppDelegate.h; sourceTree = "<group>"; };
		CFD05A841E3AD0B500A76B72 /* AppDelegate.m */ = {isa = PBXFileReference; lastKnownFileType = sourcecode.c.objc; path = AppDelegate.m; sourceTree = "<group>"; };
		CFD05A861E3AD0B500A76B72 /* ViewController.h */ = {isa = PBXFileReference; lastKnownFileType = sourcecode.c.h; path = ViewController.h; sourceTree = "<group>"; };
		CFD05A871E3AD0B500A76B72 /* ViewController.m */ = {isa = PBXFileReference; lastKnownFileType = sourcecode.c.objc; path = ViewController.m; sourceTree = "<group>"; };
		CFD05A8A1E3AD0B500A76B72 /* Base */ = {isa = PBXFileReference; lastKnownFileType = file.storyboard; name = Base; path = Base.lproj/Main.storyboard; sourceTree = "<group>"; };
		CFD05A8C1E3AD0B500A76B72 /* Assets.xcassets */ = {isa = PBXFileReference; lastKnownFileType = folder.assetcatalog; path = Assets.xcassets; sourceTree = "<group>"; };
		CFD05A8F1E3AD0B500A76B72 /* Base */ = {isa = PBXFileReference; lastKnownFileType = file.storyboard; name = Base; path = Base.lproj/LaunchScreen.storyboard; sourceTree = "<group>"; };
		CFD05A911E3AD0B500A76B72 /* Info.plist */ = {isa = PBXFileReference; lastKnownFileType = text.plist.xml; path = Info.plist; sourceTree = "<group>"; };
/* End PBXFileReference section */

/* Begin PBXFrameworksBuildPhase section */
		CFD05A7A1E3AD0B500A76B72 /* Frameworks */ = {
			isa = PBXFrameworksBuildPhase;
			buildActionMask = 2147483647;
			files = (
			);
			runOnlyForDeploymentPostprocessing = 0;
		};
/* End PBXFrameworksBuildPhase section */

/* Begin PBXGroup section */
		CF4DCC2D1E3AFCA400FDE632 /* __ProjectName__ */ = {
			isa = PBXGroup;
			children = (
			);
			path = __ProjectName__;
			sourceTree = "<group>";
		};
		CFD05A741E3AD0B500A76B72 = {
			isa = PBXGroup;
			children = (
				CFD05A7F1E3AD0B500A76B72 /* __ProjectName__ */,
				CFD05A7E1E3AD0B500A76B72 /* Products */,
			);
			sourceTree = "<group>";
		};
		CFD05A7E1E3AD0B500A76B72 /* Products */ = {
			isa = PBXGroup;
			children = (
				CFD05A7D1E3AD0B500A76B72 /* __ProjectName__.app */,
			);
			name = Products;
			sourceTree = "<group>";
		};
		CFD05A7F1E3AD0B500A76B72 /* __ProjectName__ */ = {
			isa = PBXGroup;
			children = (
				CF4DCC2D1E3AFCA400FDE632 /* __ProjectName__ */,
				CFD05A831E3AD0B500A76B72 /* AppDelegate.h */,
				CFD05A841E3AD0B500A76B72 /* AppDelegate.m */,
				CFD05A861E3AD0B500A76B72 /* ViewController.h */,
				CFD05A871E3AD0B500A76B72 /* ViewController.m */,
				CFD05A891E3AD0B500A76B72 /* Main.storyboard */,
				CFD05A8C1E3AD0B500A76B72 /* Assets.xcassets */,
				CFD05A8E1E3AD0B500A76B72 /* LaunchScreen.storyboard */,
				CFD05A911E3AD0B500A76B72 /* Info.plist */,
				CFD05A801E3AD0B500A76B72 /* Supporting Files */,
			);
			path = __ProjectName__;
			sourceTree = "<group>";
		};
		CFD05A801E3AD0B500A76B72 /* Supporting Files */ = {
			isa = PBXGroup;
			children = (
				CFD05A811E3AD0B500A76B72 /* main.m */,
			);
			name = "Supporting Files";
			sourceTree = "<group>";
		};
/* End PBXGroup section */

/* Begin PBXNativeTarget section */
		CFD05A7C1E3AD0B500A76B72 /* __ProjectName__ */ = {
			isa = PBXNativeTarget;
			buildConfigurationList = CFD05A941E3AD0B500A76B72 /* Build configuration list for PBXNativeTarget "__ProjectName__" */;
			buildPhases = (
				CFD05A791E3AD0B500A76B72 /* Sources */,
				CFD05A7A1E3AD0B500A76B72 /* Frameworks */,
				CFD05A7B1E3AD0B500A76B72 /* Resources */,
			);
			buildRules = (
			);
			dependencies = (
			);
			name = __ProjectName__;
			productName = __ProjectName__;
			productReference = CFD05A7D1E3AD0B500A76B72 /* __ProjectName__.app */;
			productType = "com.apple.product-type.application";
		};
/* End PBXNativeTarget section */

/* Begin PBXProject section */
		CFD05A751E3AD0B500A76B72 /* Project object */ = {
			isa = PBXProject;
			attributes = {
				LastUpgradeCheck = 0820;
				ORGANIZATIONNAME = __OrganizationName__;
				TargetAttributes = {
					CFD05A7C1E3AD0B500A76B72 = {
						CreatedOnToolsVersion = 8.2.1;
						ProvisioningStyle = Automatic;
					};
				};
			};
			buildConfigurationList = CFD05A781E3AD0B500A76B72 /* Build configuration list for PBXProject "__ProjectName__" */;
			compatibilityVersion = "Xcode 3.2";
			developmentRegion = English;
			hasScannedForEncodings = 0;
			knownRegions = (
				en,
				Base,
			);
			mainGroup = CFD05A741E3AD0B500A76B72;
			productRefGroup = CFD05A7E1E3AD0B500A76B72 /* Products */;
			projectDirPath = "";
			projectRoot = "";
			targets = (
				CFD05A7C1E3AD0B500A76B72 /* __ProjectName__ */,
			);
		};
/* End PBXProject section */

/* Begin PBXResourcesBuildPhase section */
		CFD05A7B1E3AD0B500A76B72 /* Resources */ = {
			isa = PBXResourcesBuildPhase;
			buildActionMask = 2147483647;
			files = (
				CFD05A901E3AD0B500A76B72 /* LaunchScreen.storyboard in Resources */,
				CFD05A8D1E3AD0B500A76B72 /* Assets.xcassets in Resources */,
				CFD05A8B1E3AD0B500A76B72 /* Main.storyboard in Resources */,
			);
			runOnlyForDeploymentPostprocessing = 0;
		};
/* End PBXResourcesBuildPhase section */

/* Begin PBXSourcesBuildPhase section */
		CFD05A791E3AD0B500A76B72 /* Sources */ = {
			isa = PBXSourcesBuildPhase;
			buildActionMask = 2147483647;
			files = (
				CFD05A881E3AD0B500A76B72 /* ViewController.m in Sources */,
				CFD05A851E3AD0B500A76B72 /* AppDelegate.m in Sources */,
				CFD05A821E3AD0B500A76B72 /* main.m in Sources */,
			);
			runOnlyForDeploymentPostprocessing = 0;
		};
/* End PBXSourcesBuildPhase section */

/* Begin PBXVariantGroup section */
		CFD05A891E3AD0B500A76B72 /* Main.storyboard */ = {
			isa = PBXVariantGroup;
			children = (
				CFD05A8A1E3AD0B500A76B72 /* Base */,
			);
			name = Main.storyboard;
			sourceTree = "<group>";
		};
		CFD05A8E1E3AD0B500A76B72 /* LaunchScreen.storyboard */ = {
			isa = PBXVariantGroup;
			children = (
				CFD05A8F1E3AD0B500A76B72 /* Base */,
			);
			name = LaunchScreen.storyboard;
			sourceTree = "<group>";
		};
/* End PBXVariantGroup section */

/* Begin XCBuildConfiguration section */
		CFD05A921E3AD0B500A76B72 /* Debug */ = {
			isa = XCBuildConfiguration;
			buildSettings = {
				ALWAYS_SEARCH_USER_PATHS = NO;
				CLANG_ANALYZER_NONNULL = YES;
				CLANG_CXX_LANGUAGE_STANDARD = "gnu++0x";
				CLANG_CXX_LIBRARY = "libc++";
				CLANG_ENABLE_MODULES = YES;
				CLANG_ENABLE_OBJC_ARC = YES;
				CLANG_WARN_BOOL_CONVERSION = YES;
				CLANG_WARN_CONSTANT_CONVERSION = YES;
				CLANG_WARN_DIRECT_OBJC_ISA_USAGE = YES_ERROR;
				CLANG_WARN_DOCUMENTATION_COMMENTS = YES;
				CLANG_WARN_EMPTY_BODY = YES;
				CLANG_WARN_ENUM_CONVERSION = YES;
				CLANG_WARN_INFINITE_RECURSION = YES;
				CLANG_WARN_INT_CONVERSION = YES;
				CLANG_WARN_OBJC_ROOT_CLASS = YES_ERROR;
				CLANG_WARN_SUSPICIOUS_MOVE = YES;
				CLANG_WARN_UNREACHABLE_CODE = YES;
				CLANG_WARN__DUPLICATE_METHOD_MATCH = YES;
				"CODE_SIGN_IDENTITY[sdk=iphoneos*]" = "iPhone Developer";
				COPY_PHASE_STRIP = NO;
				DEBUG_INFORMATION_FORMAT = dwarf;
				ENABLE_STRICT_OBJC_MSGSEND = YES;
				ENABLE_TESTABILITY = YES;
				GCC_C_LANGUAGE_STANDARD = gnu99;
				GCC_DYNAMIC_NO_PIC = NO;
				GCC_NO_COMMON_BLOCKS = YES;
				GCC_OPTIMIZATION_LEVEL = 0;
				GCC_PREPROCESSOR_DEFINITIONS = (
					"DEBUG=1",
					"$(inherited)",
				);
				GCC_WARN_64_TO_32_BIT_CONVERSION = YES;
				GCC_WARN_ABOUT_RETURN_TYPE = YES_ERROR;
				GCC_WARN_UNDECLARED_SELECTOR = YES;
				GCC_WARN_UNINITIALIZED_AUTOS = YES_AGGRESSIVE;
				GCC_WARN_UNUSED_FUNCTION = YES;
				GCC_WARN_UNUSED_VARIABLE = YES;
				IPHONEOS_DEPLOYMENT_TARGET = 10.2;
				MTL_ENABLE_DEBUG_INFO = YES;
				ONLY_ACTIVE_ARCH = YES;
				SDKROOT = iphoneos;
				TARGETED_DEVICE_FAMILY = "1,2";
			};
			name = Debug;
		};
		CFD05A931E3AD0B500A76B72 /* Release */ = {
			isa = XCBuildConfiguration;
			buildSettings = {
				ALWAYS_SEARCH_USER_PATHS = NO;
				CLANG_ANALYZER_NONNULL = YES;
				CLANG_CXX_LANGUAGE_STANDARD = "gnu++0x";
				CLANG_CXX_LIBRARY = "libc++";
				CLANG_ENABLE_MODULES = YES;
				CLANG_ENABLE_OBJC_ARC = YES;
				CLANG_WARN_BOOL_CONVERSION = YES;
				CLANG_WARN_CONSTANT_CONVERSION = YES;
				CLANG_WARN_DIRECT_OBJC_ISA_USAGE = YES_ERROR;
				CLANG_WARN_DOCUMENTATION_COMMENTS = YES;
				CLANG_WARN_EMPTY_BODY = YES;
				CLANG_WARN_ENUM_CONVERSION = YES;
				CLANG_WARN_INFINITE_RECURSION = YES;
				CLANG_WARN_INT_CONVERSION = YES;
				CLANG_WARN_OBJC_ROOT_CLASS = YES_ERROR;
				CLANG_WARN_SUSPICIOUS_MOVE = YES;
				CLANG_WARN_UNREACHABLE_CODE = YES;
				CLANG_WARN__DUPLICATE_METHOD_MATCH = YES;
				"CODE_SIGN_IDENTITY[sdk=iphoneos*]" = "iPhone Developer";
				COPY_PHASE_STRIP = NO;
				DEBUG_INFORMATION_FORMAT = "dwarf-with-dsym";
				ENABLE_NS_ASSERTIONS = NO;
				ENABLE_STRICT_OBJC_MSGSEND = YES;
				GCC_C_LANGUAGE_STANDARD = gnu99;
				GCC_NO_COMMON_BLOCKS = YES;
				GCC_WARN_64_TO_32_BIT_CONVERSION = YES;
				GCC_WARN_ABOUT_RETURN_TYPE = YES_ERROR;
				GCC_WARN_UNDECLARED_SELECTOR = YES;
				GCC_WARN_UNINITIALIZED_AUTOS = YES_AGGRESSIVE;
				GCC_WARN_UNUSED_FUNCTION = YES;
				GCC_WARN_UNUSED_VARIABLE = YES;
				IPHONEOS_DEPLOYMENT_TARGET = 10.2;
				MTL_ENABLE_DEBUG_INFO = NO;
				SDKROOT = iphoneos;
				TARGETED_DEVICE_FAMILY = "1,2";
				VALIDATE_PRODUCT = YES;
			};
			name = Release;
		};
		CFD05A951E3AD0B500A76B72 /* Debug */ = {
			isa = XCBuildConfiguration;
			buildSettings = {
				ASSETCATALOG_COMPILER_APPICON_NAME = AppIcon;
				INFOPLIST_FILE = __ProjectName__/Info.plist;
				LD_RUNPATH_SEARCH_PATHS = "$(inherited) @executable_path/Frameworks";
				PRODUCT_BUNDLE_IDENTIFIER = com.__OrganizationName__.__ProjectName__;
				PRODUCT_NAME = "$(TARGET_NAME)";
			};
			name = Debug;
		};
		CFD05A961E3AD0B500A76B72 /* Release */ = {
			isa = XCBuildConfiguration;
			buildSettings = {
				ASSETCATALOG_COMPILER_APPICON_NAME = AppIcon;
				INFOPLIST_FILE = __ProjectName__/Info.plist;
				LD_RUNPATH_SEARCH_PATHS = "$(inherited) @executable_path/Frameworks";
				PRODUCT_BUNDLE_IDENTIFIER = com.__OrganizationName__.__ProjectName__;
				PRODUCT_NAME = "$(TARGET_NAME)";
			};
			name = Release;
		};
/* End XCBuildConfiguration section */

/* Begin XCConfigurationList section */
		CFD05A781E3AD0B500A76B72 /* Build configuration list for PBXProject "__ProjectName__" */ = {
			isa = XCConfigurationList;
			buildConfigurations = (
				CFD05A921E3AD0B500A76B72 /* Debug */,
				CFD05A931E3AD0B500A76B72 /* Release */,
			);
			defaultConfigurationIsVisible = 0;
			defaultConfigurationName = Release;
		};
		CFD05A941E3AD0B500A76B72 /* Build configuration list for PBXNativeTarget "__ProjectName__" */ = {
			isa = XCConfigurationList;
			buildConfigurations = (
				CFD05A951E3AD0B500A76B72 /* Debug */,
				CFD05A961E3AD0B500A76B72 /* Release */,
			);
			defaultConfigurationIsVisible = 0;
			defaultConfigurationName = Release;
		};
/* End XCConfigurationList section */
	};
	rootObject = CFD05A751E3AD0B500A76B72 /* Project object */;
}
